
Microsoft Visual Studio Solution File, Format Version 12.00
# Visual Studio 15
VisualStudioVersion = 15.0.26228.4
MinimumVisualStudioVersion = 10.0.40219.1
Project("{FAE04EC0-301F-11D3-BF4B-00C04F79EFBC}") = "00.其他", "00.其他\00.其他.csproj", "{248400FD-F567-4946-8A74-1E63F2EEB852}"
EndProject
Project("{FAE04EC0-301F-11D3-BF4B-00C04F79EFBC}") = "01.ASP.NET Core", "01.ASP.NET Core\01.ASP.NET Core.csproj", "{6BBD208B-4748-4DEC-991F-112B98BDEB32}"
EndProject
Project("{FAE04EC0-301F-11D3-BF4B-00C04F79EFBC}") = "02.UML图", "02.UML图\02.UML图.csproj", "{D03FB7C8-8F59-4E54-9FFD-B08FF26E830A}"
EndProject
Global
	GlobalSection(SolutionConfigurationPlatforms) = preSolution
		Debug|Any CPU = Debug|Any CPU
		Release|Any CPU = Release|Any CPU
	EndGlobalSection
	GlobalSection(ProjectConfigurationPlatforms) = postSolution
		{248400FD-F567-4946-8A74-1E63F2EEB852}.Debug|Any CPU.ActiveCfg = Debug|Any CPU
		{248400FD-F567-4946-8A74-1E63F2EEB852}.Debug|Any CPU.Build.0 = Debug|Any CPU
		{248400FD-F567-4946-8A74-1E63F2EEB852}.Release|Any CPU.ActiveCfg = Release|Any CPU
		{248400FD-F567-4946-8A74-1E63F2EEB852}.Release|Any CPU.Build.0 = Release|Any CPU
		{6BBD208B-4748-4DEC-991F-112B98BDEB32}.Debug|Any CPU.ActiveCfg = Debug|Any CPU
		{6BBD208B-4748-4DEC-991F-112B98BDEB32}.Debug|Any CPU.Build.0 = Debug|Any CPU
		{6BBD208B-4748-4DEC-991F-112B98BDEB32}.Release|Any CPU.ActiveCfg = Release|Any CPU
		{6BBD208B-4748-4DEC-991F-112B98BDEB32}.Release|Any CPU.Build.0 = Release|Any CPU
		{D03FB7C8-8F59-4E54-9FFD-B08FF26E830A}.Debug|Any CPU.ActiveCfg = Debug|Any CPU
		{D03FB7C8-8F59-4E54-9FFD-B08FF26E830A}.Debug|Any CPU.Build.0 = Debug|Any CPU
		{D03FB7C8-8F59-4E54-9FFD-B08FF26E830A}.Release|Any CPU.ActiveCfg = Release|Any CPU
		{D03FB7C8-8F59-4E54-9FFD-B08FF26E830A}.Release|Any CPU.Build.0 = Release|Any CPU
	EndGlobalSection
	GlobalSection(SolutionProperties) = preSolution
		HideSolutionNode = FALSE
	EndGlobalSection
EndGlobal
